
Microsoft Visual Studio Solution File, Format Version 12.00
# Visual Studio Version 17
VisualStudioVersion = 17.11.35327.3
MinimumVisualStudioVersion = 10.0.40219.1
Project("{FAE04EC0-301F-11D3-BF4B-00C04F79EFBC}") = "WinFormsApp1", "WinFormsApp1.csproj", "{6AF62CFA-4074-4752-9CFA-7DD2058377A8}"
EndProject
Global
	GlobalSection(SolutionConfigurationPlatforms) = preSolution
		Debug|Any CPU = Debug|Any CPU
		Release|Any CPU = Release|Any CPU
	EndGlobalSection
	GlobalSection(ProjectConfigurationPlatforms) = postSolution
		{6AF62CFA-4074-4752-9CFA-7DD2058377A8}.Debug|Any CPU.ActiveCfg = Debug|Any CPU
		{6AF62CFA-4074-4752-9CFA-7DD2058377A8}.Debug|Any CPU.Build.0 = Debug|Any CPU
		{6AF62CFA-4074-4752-9CFA-7DD2058377A8}.Release|Any CPU.ActiveCfg = Release|Any CPU
		{6AF62CFA-4074-4752-9CFA-7DD2058377A8}.Release|Any CPU.Build.0 = Release|Any CPU
	EndGlobalSection
	GlobalSection(SolutionProperties) = preSolution
		HideSolutionNode = FALSE
	EndGlobalSection
	GlobalSection(ExtensibilityGlobals) = postSolution
		SolutionGuid = {3716D9DB-B51B-4F5A-A7ED-C90B3D8F9F23}
	EndGlobalSection
EndGlobal
